# This file is automatically @generated by Cargo.
# It is not intended for manual editing.
version = 3

[[package]]
name = "character_location_map"
version = "0.1.0"
dependencies = [
 "markdown",
 "xml",
]

[[package]]
name = "markdown"
version = "1.0.0-alpha.17"
source = "registry+https://github.com/rust-lang/crates.io-index"
checksum = "21e27d6220ce21f80ce5c4201f23a37c6f1ad037c72c9d1ff215c2919605a5d6"
dependencies = [
 "unicode-id",
]

[[package]]
name = "unicode-id"
version = "0.3.4"
source = "registry+https://github.com/rust-lang/crates.io-index"
checksum = "b1b6def86329695390197b82c1e244a54a131ceb66c996f2088a3876e2ae083f"

[[package]]
name = "xml"
version = "0.8.20"
source = "registry+https://github.com/rust-lang/crates.io-index"
checksum = "ede1c99c55b4b3ad0349018ef0eccbe954ce9c342334410707ee87177fcf2ab4"
dependencies = [
 "xml-rs",
]

[[package]]
name = "xml-rs"
version = "0.8.20"
source = "registry+https://github.com/rust-lang/crates.io-index"
checksum = "791978798f0597cfc70478424c2b4fdc2b7a8024aaff78497ef00f24ef674193"
